// !$*UTF8*$!
{
	archiveVersion = 1;
	classes = {
	};
	objectVersion = 46;
	objects = {

/* Begin PBXBuildFile section */
		426B0F4F1DA2EF790091A734 /* main.cpp in Sources */ = {isa = PBXBuildFile; fileRef = 426B0F4E1DA2EF790091A734 /* main.cpp */; };
/* End PBXBuildFile section */

/* Begin PBXCopyFilesBuildPhase section */
		426B0F421DA2EF5B0091A734 /* CopyFiles */ = {
			isa = PBXCopyFilesBuildPhase;
			buildActionMask = 2147483647;
			dstPath = /usr/share/man/man1/;
			dstSubfolderSpec = 0;
			files = (
			);
			runOnlyForDeploymentPostprocessing = 1;
		};
/* End PBXCopyFilesBuildPhase section */

/* Begin PBXFileReference section */
		426B0F441DA2EF5B0091A734 /* PascalTriangleMac */ = {isa = PBXFileReference; explicitFileType = "compiled.mach-o.executable"; includeInIndex = 0; path = PascalTriangleMac; sourceTree = BUILT_PRODUCTS_DIR; };
		426B0F4E1DA2EF790091A734 /* main.cpp */ = {isa = PBXFileReference; fileEncoding = 4; lastKnownFileType = sourcecode.cpp.cpp; name = main.cpp; path = ../../PascalTriangly/main.cpp; sourceTree = "<group>"; };
/* End PBXFileReference section */

/* Begin PBXFrameworksBuildPhase section */
		426B0F411DA2EF5B0091A734 /* Frameworks */ = {
			isa = PBXFrameworksBuildPhase;
			buildActionMask = 2147483647;
			files = (
			);
			runOnlyForDeploymentPostprocessing = 0;
		};
/* End PBXFrameworksBuildPhase section */

/* Begin PBXGroup section */
		426B0F3B1DA2EF5B0091A734 = {
			isa = PBXGroup;
			children = (
				426B0F461DA2EF5B0091A734 /* PascalTriangleMac */,
				426B0F451DA2EF5B0091A734 /* Products */,
			);
			sourceTree = "<group>";
		};
		426B0F451DA2EF5B0091A734 /* Products */ = {
			isa = PBXGroup;
			children = (
				426B0F441DA2EF5B0091A734 /* PascalTriangleMac */,
			);
			name = Products;
			sourceTree = "<group>";
		};
		426B0F461DA2EF5B0091A734 /* PascalTriangleMac */ = {
			isa = PBXGroup;
			children = (
				426B0F4E1DA2EF790091A734 /* main.cpp */,
			);
			path = PascalTriangleMac;
			sourceTree = "<group>";
		};
/* End PBXGroup section */

/* Begin PBXNativeTarget section */
		426B0F431DA2EF5B0091A734 /* PascalTriangleMac */ = {
			isa = PBXNativeTarget;
			buildConfigurationList = 426B0F4B1DA2EF5B0091A734 /* Build configuration list for PBXNativeTarget "PascalTriangleMac" */;
			buildPhases = (
				426B0F401DA2EF5B0091A734 /* Sources */,
				426B0F411DA2EF5B0091A734 /* Frameworks */,
				426B0F421DA2EF5B0091A734 /* CopyFiles */,
			);
			buildRules = (
			);
			dependencies = (
			);
			name = PascalTriangleMac;
			productName = PascalTriangleMac;
			productReference = 426B0F441DA2EF5B0091A734 /* PascalTriangleMac */;
			productType = "com.apple.product-type.tool";
		};
/* End PBXNativeTarget section */

/* Begin PBXProject section */
		426B0F3C1DA2EF5B0091A734 /* Project object */ = {
			isa = PBXProject;
			attributes = {
				LastUpgradeCheck = 0800;
				ORGANIZATIONNAME = "Brice Rosenzweig";
				TargetAttributes = {
					426B0F431DA2EF5B0091A734 = {
						CreatedOnToolsVersion = 8.0;
						DevelopmentTeam = M7QSSF3624;
						ProvisioningStyle = Automatic;
					};
				};
			};
			buildConfigurationList = 426B0F3F1DA2EF5B0091A734 /* Build configuration list for PBXProject "PascalTriangleMac" */;
			compatibilityVersion = "Xcode 3.2";
			developmentRegion = English;
			hasScannedForEncodings = 0;
			knownRegions = (
				en,
			);
			mainGroup = 426B0F3B1DA2EF5B0091A734;
			productRefGroup = 426B0F451DA2EF5B0091A734 /* Products */;
			projectDirPath = "";
			projectRoot = "";
			targets = (
				426B0F431DA2EF5B0091A734 /* PascalTriangleMac */,
			);
		};
/* End PBXProject section */

/* Begin PBXSourcesBuildPhase section */
		426B0F401DA2EF5B0091A734 /* Sources */ = {
			isa = PBXSourcesBuildPhase;
			buildActionMask = 2147483647;
			files = (
				426B0F4F1DA2EF790091A734 /* main.cpp in Sources */,
			);
			runOnlyForDeploymentPostprocessing = 0;
		};
/* End PBXSourcesBuildPhase section */

/* Begin XCBuildConfiguration section */
		426B0F491DA2EF5B0091A734 /* Debug */ = {
			isa = XCBuildConfiguration;
			buildSettings = {
				ALWAYS_SEARCH_USER_PATHS = NO;
				CLANG_ANALYZER_NONNULL = YES;
				CLANG_CXX_LANGUAGE_STANDARD = "gnu++0x";
				CLANG_CXX_LIBRARY = "libc++";
				CLANG_ENABLE_MODULES = YES;
				CLANG_ENABLE_OBJC_ARC = YES;
				CLANG_WARN_BOOL_CONVERSION = YES;
				CLANG_WARN_CONSTANT_CONVERSION = YES;
				CLANG_WARN_DIRECT_OBJC_ISA_USAGE = YES_ERROR;
				CLANG_WARN_DOCUMENTATION_COMMENTS = YES;
				CLANG_WARN_EMPTY_BODY = YES;
				CLANG_WARN_ENUM_CONVERSION = YES;
				CLANG_WARN_INFINITE_RECURSION = YES;
				CLANG_WARN_INT_CONVERSION = YES;
				CLANG_WARN_OBJC_ROOT_CLASS = YES_ERROR;
				CLANG_WARN_SUSPICIOUS_MOVES = YES;
				CLANG_WARN_UNREACHABLE_CODE = YES;
				CLANG_WARN__DUPLICATE_METHOD_MATCH = YES;
				CODE_SIGN_IDENTITY = "-";
				COPY_PHASE_STRIP = NO;
				DEBUG_INFORMATION_FORMAT = dwarf;
				ENABLE_STRICT_OBJC_MSGSEND = YES;
				ENABLE_TESTABILITY = YES;
				GCC_C_LANGUAGE_STANDARD = gnu99;
				GCC_DYNAMIC_NO_PIC = NO;
				GCC_NO_COMMON_BLOCKS = YES;
				GCC_OPTIMIZATION_LEVEL = 0;
				GCC_PREPROCESSOR_DEFINITIONS = (
					"DEBUG=1",
					"$(inherited)",
				);
				GCC_WARN_64_TO_32_BIT_CONVERSION = YES;
				GCC_WARN_ABOUT_RETURN_TYPE = YES_ERROR;
				GCC_WARN_UNDECLARED_SELECTOR = YES;
				GCC_WARN_UNINITIALIZED_AUTOS = YES_AGGRESSIVE;
				GCC_WARN_UNUSED_FUNCTION = YES;
				GCC_WARN_UNUSED_VARIABLE = YES;
				MACOSX_DEPLOYMENT_TARGET = 10.12;
				MTL_ENABLE_DEBUG_INFO = YES;
				ONLY_ACTIVE_ARCH = YES;
				SDKROOT = macosx;
			};
			name = Debug;
		};
		426B0F4A1DA2EF5B0091A734 /* Release */ = {
			isa = XCBuildConfiguration;
			buildSettings = {
				ALWAYS_SEARCH_USER_PATHS = NO;
				CLANG_ANALYZER_NONNULL = YES;
				CLANG_CXX_LANGUAGE_STANDARD = "gnu++0x";
				CLANG_CXX_LIBRARY = "libc++";
				CLANG_ENABLE_MODULES = YES;
				CLANG_ENABLE_OBJC_ARC = YES;
				CLANG_WARN_BOOL_CONVERSION = YES;
				CLANG_WARN_CONSTANT_CONVERSION = YES;
				CLANG_WARN_DIRECT_OBJC_ISA_USAGE = YES_ERROR;
				CLANG_WARN_DOCUMENTATION_COMMENTS = YES;
				CLANG_WARN_EMPTY_BODY = YES;
				CLANG_WARN_ENUM_CONVERSION = YES;
				CLANG_WARN_INFINITE_RECURSION = YES;
				CLANG_WARN_INT_CONVERSION = YES;
				CLANG_WARN_OBJC_ROOT_CLASS = YES_ERROR;
				CLANG_WARN_SUSPICIOUS_MOVES = YES;
				CLANG_WARN_UNREACHABLE_CODE = YES;
				CLANG_WARN__DUPLICATE_METHOD_MATCH = YES;
				CODE_SIGN_IDENTITY = "-";
				COPY_PHASE_STRIP = NO;
				DEBUG_INFORMATION_FORMAT = "dwarf-with-dsym";
				ENABLE_NS_ASSERTIONS = NO;
				ENABLE_STRICT_OBJC_MSGSEND = YES;
				GCC_C_LANGUAGE_STANDARD = gnu99;
				GCC_NO_COMMON_BLOCKS = YES;
				GCC_WARN_64_TO_32_BIT_CONVERSION = YES;
				GCC_WARN_ABOUT_RETURN_TYPE = YES_ERROR;
				GCC_WARN_UNDECLARED_SELECTOR = YES;
				GCC_WARN_UNINITIALIZED_AUTOS = YES_AGGRESSIVE;
				GCC_WARN_UNUSED_FUNCTION = YES;
				GCC_WARN_UNUSED_VARIABLE = YES;
				MACOSX_DEPLOYMENT_TARGET = 10.12;
				MTL_ENABLE_DEBUG_INFO = NO;
				SDKROOT = macosx;
			};
			name = Release;
		};
		426B0F4C1DA2EF5B0091A734 /* Debug */ = {
			isa = XCBuildConfiguration;
			buildSettings = {
				DEVELOPMENT_TEAM = M7QSSF3624;
				PRODUCT_NAME = "$(TARGET_NAME)";
			};
			name = Debug;
		};
		426B0F4D1DA2EF5B0091A734 /* Release */ = {
			isa = XCBuildConfiguration;
			buildSettings = {
				DEVELOPMENT_TEAM = M7QSSF3624;
				PRODUCT_NAME = "$(TARGET_NAME)";
			};
			name = Release;
		};
/* End XCBuildConfiguration section */

/* Begin XCConfigurationList section */
		426B0F3F1DA2EF5B0091A734 /* Build configuration list for PBXProject "PascalTriangleMac" */ = {
			isa = XCConfigurationList;
			buildConfigurations = (
				426B0F491DA2EF5B0091A734 /* Debug */,
				426B0F4A1DA2EF5B0091A734 /* Release */,
			);
			defaultConfigurationIsVisible = 0;
			defaultConfigurationName = Release;
		};
		426B0F4B1DA2EF5B0091A734 /* Build configuration list for PBXNativeTarget "PascalTriangleMac" */ = {
			isa = XCConfigurationList;
			buildConfigurations = (
				426B0F4C1DA2EF5B0091A734 /* Debug */,
				426B0F4D1DA2EF5B0091A734 /* Release */,
			);
			defaultConfigurationIsVisible = 0;
		};
/* End XCConfigurationList section */
	};
	rootObject = 426B0F3C1DA2EF5B0091A734 /* Project object */;
}
