// !$*UTF8*$!
{
	archiveVersion = 1;
	classes = {
	};
	objectVersion = 46;
	objects = {

/* Begin PBXBuildFile section */
		42874FFE1E21413D002BA5EF /* main.cpp in Sources */ = {isa = PBXBuildFile; fileRef = 42874FFD1E21413D002BA5EF /* main.cpp */; };
		429A4DB11E3C9FFA00804959 /* Charles.cpp in Sources */ = {isa = PBXBuildFile; fileRef = 429A4DAF1E3C9FFA00804959 /* Charles.cpp */; };
		429A4DB21E3CA15700804959 /* Charles.cpp in Sources */ = {isa = PBXBuildFile; fileRef = 429A4DAF1E3C9FFA00804959 /* Charles.cpp */; };
		42C0B08F1E31546400781AE0 /* Message.cpp in Sources */ = {isa = PBXBuildFile; fileRef = 42C0B08D1E31546400781AE0 /* Message.cpp */; };
		42C0B0971E335D5400781AE0 /* centauritest.mm in Sources */ = {isa = PBXBuildFile; fileRef = 42C0B0961E335D5400781AE0 /* centauritest.mm */; };
		42C0B09C1E335F2300781AE0 /* Message.cpp in Sources */ = {isa = PBXBuildFile; fileRef = 42C0B08D1E31546400781AE0 /* Message.cpp */; };
/* End PBXBuildFile section */

/* Begin PBXCopyFilesBuildPhase section */
		42874FF81E21413D002BA5EF /* CopyFiles */ = {
			isa = PBXCopyFilesBuildPhase;
			buildActionMask = 2147483647;
			dstPath = /usr/share/man/man1/;
			dstSubfolderSpec = 0;
			files = (
			);
			runOnlyForDeploymentPostprocessing = 1;
		};
/* End PBXCopyFilesBuildPhase section */

/* Begin PBXFileReference section */
		42874FFA1E21413D002BA5EF /* centauri */ = {isa = PBXFileReference; explicitFileType = "compiled.mach-o.executable"; includeInIndex = 0; path = centauri; sourceTree = BUILT_PRODUCTS_DIR; };
		42874FFD1E21413D002BA5EF /* main.cpp */ = {isa = PBXFileReference; lastKnownFileType = sourcecode.cpp.cpp; path = main.cpp; sourceTree = "<group>"; };
		429A4DAF1E3C9FFA00804959 /* Charles.cpp */ = {isa = PBXFileReference; fileEncoding = 4; lastKnownFileType = sourcecode.cpp.cpp; path = Charles.cpp; sourceTree = "<group>"; };
		429A4DB01E3C9FFA00804959 /* Charles.hpp */ = {isa = PBXFileReference; fileEncoding = 4; lastKnownFileType = sourcecode.cpp.h; path = Charles.hpp; sourceTree = "<group>"; };
		42C0B08D1E31546400781AE0 /* Message.cpp */ = {isa = PBXFileReference; fileEncoding = 4; lastKnownFileType = sourcecode.cpp.cpp; path = Message.cpp; sourceTree = "<group>"; };
		42C0B08E1E31546400781AE0 /* Message.hpp */ = {isa = PBXFileReference; fileEncoding = 4; lastKnownFileType = sourcecode.cpp.h; path = Message.hpp; sourceTree = "<group>"; };
		42C0B0941E335D5400781AE0 /* centauritest.xctest */ = {isa = PBXFileReference; explicitFileType = wrapper.cfbundle; includeInIndex = 0; path = centauritest.xctest; sourceTree = BUILT_PRODUCTS_DIR; };
		42C0B0961E335D5400781AE0 /* centauritest.mm */ = {isa = PBXFileReference; lastKnownFileType = sourcecode.cpp.objcpp; path = centauritest.mm; sourceTree = "<group>"; };
		42C0B0981E335D5400781AE0 /* Info.plist */ = {isa = PBXFileReference; lastKnownFileType = text.plist.xml; path = Info.plist; sourceTree = "<group>"; };
/* End PBXFileReference section */

/* Begin PBXFrameworksBuildPhase section */
		42874FF71E21413D002BA5EF /* Frameworks */ = {
			isa = PBXFrameworksBuildPhase;
			buildActionMask = 2147483647;
			files = (
			);
			runOnlyForDeploymentPostprocessing = 0;
		};
		42C0B0911E335D5400781AE0 /* Frameworks */ = {
			isa = PBXFrameworksBuildPhase;
			buildActionMask = 2147483647;
			files = (
			);
			runOnlyForDeploymentPostprocessing = 0;
		};
/* End PBXFrameworksBuildPhase section */

/* Begin PBXGroup section */
		42874FF11E21413D002BA5EF = {
			isa = PBXGroup;
			children = (
				42874FFC1E21413D002BA5EF /* centauri */,
				42C0B0951E335D5400781AE0 /* centauritest */,
				42874FFB1E21413D002BA5EF /* Products */,
			);
			sourceTree = "<group>";
		};
		42874FFB1E21413D002BA5EF /* Products */ = {
			isa = PBXGroup;
			children = (
				42874FFA1E21413D002BA5EF /* centauri */,
				42C0B0941E335D5400781AE0 /* centauritest.xctest */,
			);
			name = Products;
			sourceTree = "<group>";
		};
		42874FFC1E21413D002BA5EF /* centauri */ = {
			isa = PBXGroup;
			children = (
				42874FFD1E21413D002BA5EF /* main.cpp */,
				42C0B08D1E31546400781AE0 /* Message.cpp */,
				42C0B08E1E31546400781AE0 /* Message.hpp */,
				429A4DAF1E3C9FFA00804959 /* Charles.cpp */,
				429A4DB01E3C9FFA00804959 /* Charles.hpp */,
			);
			path = centauri;
			sourceTree = "<group>";
		};
		42C0B0951E335D5400781AE0 /* centauritest */ = {
			isa = PBXGroup;
			children = (
				42C0B0961E335D5400781AE0 /* centauritest.mm */,
				42C0B0981E335D5400781AE0 /* Info.plist */,
			);
			path = centauritest;
			sourceTree = "<group>";
		};
/* End PBXGroup section */

/* Begin PBXNativeTarget section */
		42874FF91E21413D002BA5EF /* centauri */ = {
			isa = PBXNativeTarget;
			buildConfigurationList = 428750011E21413D002BA5EF /* Build configuration list for PBXNativeTarget "centauri" */;
			buildPhases = (
				42874FF61E21413D002BA5EF /* Sources */,
				42874FF71E21413D002BA5EF /* Frameworks */,
				42874FF81E21413D002BA5EF /* CopyFiles */,
			);
			buildRules = (
			);
			dependencies = (
			);
			name = centauri;
			productName = centauri;
			productReference = 42874FFA1E21413D002BA5EF /* centauri */;
			productType = "com.apple.product-type.tool";
		};
		42C0B0931E335D5400781AE0 /* centauritest */ = {
			isa = PBXNativeTarget;
			buildConfigurationList = 42C0B0991E335D5400781AE0 /* Build configuration list for PBXNativeTarget "centauritest" */;
			buildPhases = (
				42C0B0901E335D5400781AE0 /* Sources */,
				42C0B0911E335D5400781AE0 /* Frameworks */,
				42C0B0921E335D5400781AE0 /* Resources */,
			);
			buildRules = (
			);
			dependencies = (
			);
			name = centauritest;
			productName = centauritest;
			productReference = 42C0B0941E335D5400781AE0 /* centauritest.xctest */;
			productType = "com.apple.product-type.bundle.unit-test";
		};
/* End PBXNativeTarget section */

/* Begin PBXProject section */
		42874FF21E21413D002BA5EF /* Project object */ = {
			isa = PBXProject;
			attributes = {
				LastUpgradeCheck = 0820;
				ORGANIZATIONNAME = "Brice Rosenzweig";
				TargetAttributes = {
					42874FF91E21413D002BA5EF = {
						CreatedOnToolsVersion = 8.2.1;
						DevelopmentTeam = M7QSSF3624;
						ProvisioningStyle = Automatic;
					};
					42C0B0931E335D5400781AE0 = {
						CreatedOnToolsVersion = 8.2.1;
						DevelopmentTeam = M7QSSF3624;
						ProvisioningStyle = Automatic;
					};
				};
			};
			buildConfigurationList = 42874FF51E21413D002BA5EF /* Build configuration list for PBXProject "centauri" */;
			compatibilityVersion = "Xcode 3.2";
			developmentRegion = English;
			hasScannedForEncodings = 0;
			knownRegions = (
				en,
			);
			mainGroup = 42874FF11E21413D002BA5EF;
			productRefGroup = 42874FFB1E21413D002BA5EF /* Products */;
			projectDirPath = "";
			projectRoot = "";
			targets = (
				42874FF91E21413D002BA5EF /* centauri */,
				42C0B0931E335D5400781AE0 /* centauritest */,
			);
		};
/* End PBXProject section */

/* Begin PBXResourcesBuildPhase section */
		42C0B0921E335D5400781AE0 /* Resources */ = {
			isa = PBXResourcesBuildPhase;
			buildActionMask = 2147483647;
			files = (
			);
			runOnlyForDeploymentPostprocessing = 0;
		};
/* End PBXResourcesBuildPhase section */

/* Begin PBXSourcesBuildPhase section */
		42874FF61E21413D002BA5EF /* Sources */ = {
			isa = PBXSourcesBuildPhase;
			buildActionMask = 2147483647;
			files = (
				42874FFE1E21413D002BA5EF /* main.cpp in Sources */,
				42C0B08F1E31546400781AE0 /* Message.cpp in Sources */,
				429A4DB11E3C9FFA00804959 /* Charles.cpp in Sources */,
			);
			runOnlyForDeploymentPostprocessing = 0;
		};
		42C0B0901E335D5400781AE0 /* Sources */ = {
			isa = PBXSourcesBuildPhase;
			buildActionMask = 2147483647;
			files = (
				42C0B09C1E335F2300781AE0 /* Message.cpp in Sources */,
				42C0B0971E335D5400781AE0 /* centauritest.mm in Sources */,
				429A4DB21E3CA15700804959 /* Charles.cpp in Sources */,
			);
			runOnlyForDeploymentPostprocessing = 0;
		};
/* End PBXSourcesBuildPhase section */

/* Begin XCBuildConfiguration section */
		42874FFF1E21413D002BA5EF /* Debug */ = {
			isa = XCBuildConfiguration;
			buildSettings = {
				ALWAYS_SEARCH_USER_PATHS = NO;
				CLANG_ANALYZER_NONNULL = YES;
				CLANG_CXX_LANGUAGE_STANDARD = "gnu++0x";
				CLANG_CXX_LIBRARY = "libc++";
				CLANG_ENABLE_MODULES = YES;
				CLANG_ENABLE_OBJC_ARC = YES;
				CLANG_WARN_BOOL_CONVERSION = YES;
				CLANG_WARN_CONSTANT_CONVERSION = YES;
				CLANG_WARN_DIRECT_OBJC_ISA_USAGE = YES_ERROR;
				CLANG_WARN_DOCUMENTATION_COMMENTS = YES;
				CLANG_WARN_EMPTY_BODY = YES;
				CLANG_WARN_ENUM_CONVERSION = YES;
				CLANG_WARN_INFINITE_RECURSION = YES;
				CLANG_WARN_INT_CONVERSION = YES;
				CLANG_WARN_OBJC_ROOT_CLASS = YES_ERROR;
				CLANG_WARN_SUSPICIOUS_MOVE = YES;
				CLANG_WARN_UNREACHABLE_CODE = YES;
				CLANG_WARN__DUPLICATE_METHOD_MATCH = YES;
				CODE_SIGN_IDENTITY = "-";
				COPY_PHASE_STRIP = NO;
				DEBUG_INFORMATION_FORMAT = dwarf;
				ENABLE_STRICT_OBJC_MSGSEND = YES;
				ENABLE_TESTABILITY = YES;
				GCC_C_LANGUAGE_STANDARD = gnu99;
				GCC_DYNAMIC_NO_PIC = NO;
				GCC_NO_COMMON_BLOCKS = YES;
				GCC_OPTIMIZATION_LEVEL = 0;
				GCC_PREPROCESSOR_DEFINITIONS = (
					"DEBUG=1",
					"$(inherited)",
				);
				GCC_WARN_64_TO_32_BIT_CONVERSION = YES;
				GCC_WARN_ABOUT_RETURN_TYPE = YES_ERROR;
				GCC_WARN_UNDECLARED_SELECTOR = YES;
				GCC_WARN_UNINITIALIZED_AUTOS = YES_AGGRESSIVE;
				GCC_WARN_UNUSED_FUNCTION = YES;
				GCC_WARN_UNUSED_VARIABLE = YES;
				MACOSX_DEPLOYMENT_TARGET = 10.12;
				MTL_ENABLE_DEBUG_INFO = YES;
				ONLY_ACTIVE_ARCH = YES;
				SDKROOT = macosx;
			};
			name = Debug;
		};
		428750001E21413D002BA5EF /* Release */ = {
			isa = XCBuildConfiguration;
			buildSettings = {
				ALWAYS_SEARCH_USER_PATHS = NO;
				CLANG_ANALYZER_NONNULL = YES;
				CLANG_CXX_LANGUAGE_STANDARD = "gnu++0x";
				CLANG_CXX_LIBRARY = "libc++";
				CLANG_ENABLE_MODULES = YES;
				CLANG_ENABLE_OBJC_ARC = YES;
				CLANG_WARN_BOOL_CONVERSION = YES;
				CLANG_WARN_CONSTANT_CONVERSION = YES;
				CLANG_WARN_DIRECT_OBJC_ISA_USAGE = YES_ERROR;
				CLANG_WARN_DOCUMENTATION_COMMENTS = YES;
				CLANG_WARN_EMPTY_BODY = YES;
				CLANG_WARN_ENUM_CONVERSION = YES;
				CLANG_WARN_INFINITE_RECURSION = YES;
				CLANG_WARN_INT_CONVERSION = YES;
				CLANG_WARN_OBJC_ROOT_CLASS = YES_ERROR;
				CLANG_WARN_SUSPICIOUS_MOVE = YES;
				CLANG_WARN_UNREACHABLE_CODE = YES;
				CLANG_WARN__DUPLICATE_METHOD_MATCH = YES;
				CODE_SIGN_IDENTITY = "-";
				COPY_PHASE_STRIP = NO;
				DEBUG_INFORMATION_FORMAT = "dwarf-with-dsym";
				ENABLE_NS_ASSERTIONS = NO;
				ENABLE_STRICT_OBJC_MSGSEND = YES;
				GCC_C_LANGUAGE_STANDARD = gnu99;
				GCC_NO_COMMON_BLOCKS = YES;
				GCC_WARN_64_TO_32_BIT_CONVERSION = YES;
				GCC_WARN_ABOUT_RETURN_TYPE = YES_ERROR;
				GCC_WARN_UNDECLARED_SELECTOR = YES;
				GCC_WARN_UNINITIALIZED_AUTOS = YES_AGGRESSIVE;
				GCC_WARN_UNUSED_FUNCTION = YES;
				GCC_WARN_UNUSED_VARIABLE = YES;
				MACOSX_DEPLOYMENT_TARGET = 10.12;
				MTL_ENABLE_DEBUG_INFO = NO;
				SDKROOT = macosx;
			};
			name = Release;
		};
		428750021E21413D002BA5EF /* Debug */ = {
			isa = XCBuildConfiguration;
			buildSettings = {
				DEVELOPMENT_TEAM = M7QSSF3624;
				PRODUCT_NAME = "$(TARGET_NAME)";
			};
			name = Debug;
		};
		428750031E21413D002BA5EF /* Release */ = {
			isa = XCBuildConfiguration;
			buildSettings = {
				DEVELOPMENT_TEAM = M7QSSF3624;
				PRODUCT_NAME = "$(TARGET_NAME)";
			};
			name = Release;
		};
		42C0B09A1E335D5400781AE0 /* Debug */ = {
			isa = XCBuildConfiguration;
			buildSettings = {
				COMBINE_HIDPI_IMAGES = YES;
				DEVELOPMENT_TEAM = M7QSSF3624;
				INFOPLIST_FILE = centauritest/Info.plist;
				LD_RUNPATH_SEARCH_PATHS = "$(inherited) @executable_path/../Frameworks @loader_path/../Frameworks";
				PRODUCT_BUNDLE_IDENTIFIER = "net.ro-z.centauritest";
				PRODUCT_NAME = "$(TARGET_NAME)";
			};
			name = Debug;
		};
		42C0B09B1E335D5400781AE0 /* Release */ = {
			isa = XCBuildConfiguration;
			buildSettings = {
				COMBINE_HIDPI_IMAGES = YES;
				DEVELOPMENT_TEAM = M7QSSF3624;
				INFOPLIST_FILE = centauritest/Info.plist;
				LD_RUNPATH_SEARCH_PATHS = "$(inherited) @executable_path/../Frameworks @loader_path/../Frameworks";
				PRODUCT_BUNDLE_IDENTIFIER = "net.ro-z.centauritest";
				PRODUCT_NAME = "$(TARGET_NAME)";
			};
			name = Release;
		};
/* End XCBuildConfiguration section */

/* Begin XCConfigurationList section */
		42874FF51E21413D002BA5EF /* Build configuration list for PBXProject "centauri" */ = {
			isa = XCConfigurationList;
			buildConfigurations = (
				42874FFF1E21413D002BA5EF /* Debug */,
				428750001E21413D002BA5EF /* Release */,
			);
			defaultConfigurationIsVisible = 0;
			defaultConfigurationName = Release;
		};
		428750011E21413D002BA5EF /* Build configuration list for PBXNativeTarget "centauri" */ = {
			isa = XCConfigurationList;
			buildConfigurations = (
				428750021E21413D002BA5EF /* Debug */,
				428750031E21413D002BA5EF /* Release */,
			);
			defaultConfigurationIsVisible = 0;
			defaultConfigurationName = Release;
		};
		42C0B0991E335D5400781AE0 /* Build configuration list for PBXNativeTarget "centauritest" */ = {
			isa = XCConfigurationList;
			buildConfigurations = (
				42C0B09A1E335D5400781AE0 /* Debug */,
				42C0B09B1E335D5400781AE0 /* Release */,
			);
			defaultConfigurationIsVisible = 0;
			defaultConfigurationName = Release;
		};
/* End XCConfigurationList section */
	};
	rootObject = 42874FF21E21413D002BA5EF /* Project object */;
}
