<?xml version="1.0" encoding="utf-8"?>
<Project ToolsVersion="4.0" xmlns="http://schemas.microsoft.com/developer/msbuild/2003">
  <ItemGroup>
    <Filter Include="Source Files">
      <UniqueIdentifier>{4FC737F1-C7A5-4376-A066-2A32D752A2FF}</UniqueIdentifier>
      <Extensions>cpp;c;cc;cxx;def;odl;idl;hpj;bat;asm;asmx</Extensions>
    </Filter>
    <Filter Include="Header Files">
      <UniqueIdentifier>{93995380-89BD-4b04-88EB-625FBE52EBFB}</UniqueIdentifier>
      <Extensions>h;hh;hpp;hxx;hm;inl;inc;xsd</Extensions>
    </Filter>
    <Filter Include="Resource Files">
      <UniqueIdentifier>{67DA6AB6-F800-4c08-8B7A-83BB121AAD01}</UniqueIdentifier>
      <Extensions>rc;ico;cur;bmp;dlg;rc2;rct;bin;rgs;gif;jpg;jpeg;jpe;resx;tiff;tif;png;wav;mfcribbon-ms</Extensions>
    </Filter>
  </ItemGroup>
  <ItemGroup>
    <ClCompile Include="src\main.cpp">
      <Filter>Source Files</Filter>
    </ClCompile>
    <ClCompile Include="src\window\window.cpp">
      <Filter>Source Files</Filter>
    </ClCompile>
    <ClCompile Include="src\engine\block\block.cpp">
      <Filter>Source Files</Filter>
    </ClCompile>
    <ClCompile Include="src\engine\chunk\chunk.cpp">
      <Filter>Source Files</Filter>
    </ClCompile>
    <ClCompile Include="src\engine\engine.cpp">
      <Filter>Source Files</Filter>
    </ClCompile>
    <ClCompile Include="src\engine\chunk\chunk_gpu_side_handler.cpp">
      <Filter>Source Files</Filter>
    </ClCompile>
    <ClCompile Include="src\engine\chunk\cgpubuffer.cpp">
      <Filter>Source Files</Filter>
    </ClCompile>
    <ClCompile Include="src\engine\renderer\renderer.cpp">
      <Filter>Source Files</Filter>
    </ClCompile>
    <ClCompile Include="src\engine\entities\player\player.cpp">
      <Filter>Source Files</Filter>
    </ClCompile>
    <ClCompile Include="src\engine\entities\camera\camera.cpp">
      <Filter>Source Files</Filter>
    </ClCompile>
  </ItemGroup>
  <ItemGroup>
    <ClInclude Include="src\log.h">
      <Filter>Header Files</Filter>
    </ClInclude>
    <ClInclude Include="src\window\window.h">
      <Filter>Header Files</Filter>
    </ClInclude>
    <ClInclude Include="src\texture\texture.h">
      <Filter>Header Files</Filter>
    </ClInclude>
    <ClInclude Include="src\shader\shader.h">
      <Filter>Header Files</Filter>
    </ClInclude>
    <ClInclude Include="src\shader\shprogram.h">
      <Filter>Header Files</Filter>
    </ClInclude>
    <ClInclude Include="src\engine\engine.h">
      <Filter>Header Files</Filter>
    </ClInclude>
    <ClInclude Include="src\engine\data\uni_data.h">
      <Filter>Header Files</Filter>
    </ClInclude>
    <ClInclude Include="src\engine\data\common.h">
      <Filter>Header Files</Filter>
    </ClInclude>
    <ClInclude Include="src\engine\block\block.h">
      <Filter>Header Files</Filter>
    </ClInclude>
    <ClInclude Include="src\engine\chunk\chunk.h">
      <Filter>Header Files</Filter>
    </ClInclude>
    <ClInclude Include="src\engine\chunk\chunk_data_base.h">
      <Filter>Header Files</Filter>
    </ClInclude>
    <ClInclude Include="src\engine\chunk\cvec2.h">
      <Filter>Header Files</Filter>
    </ClInclude>
    <ClInclude Include="src\engine\chunk\map\cmap.h">
      <Filter>Header Files</Filter>
    </ClInclude>
    <ClInclude Include="src\engine\chunk\chunk_gpu_side_handler.h">
      <Filter>Header Files</Filter>
    </ClInclude>
    <ClInclude Include="src\engine\chunk\blockystrip.h">
      <Filter>Header Files</Filter>
    </ClInclude>
    <ClInclude Include="src\engine\chunk\cgpubuffer.h">
      <Filter>Header Files</Filter>
    </ClInclude>
    <ClInclude Include="src\engine\chunk\gpublockdata.h">
      <Filter>Header Files</Filter>
    </ClInclude>
    <ClInclude Include="src\engine\buffer\vao.h">
      <Filter>Header Files</Filter>
    </ClInclude>
    <ClInclude Include="src\engine\renderer\renderer.h">
      <Filter>Header Files</Filter>
    </ClInclude>
    <ClInclude Include="src\engine\configs\configs.h">
      <Filter>Header Files</Filter>
    </ClInclude>
    <ClInclude Include="src\engine\entities\entity.h">
      <Filter>Header Files</Filter>
    </ClInclude>
    <ClInclude Include="src\engine\entities\player\player.h">
      <Filter>Header Files</Filter>
    </ClInclude>
    <ClInclude Include="src\engine\data\time_data.h">
      <Filter>Header Files</Filter>
    </ClInclude>
    <ClInclude Include="src\engine\entities\camera\camera.h">
      <Filter>Header Files</Filter>
    </ClInclude>
  </ItemGroup>
  <ItemGroup>
    <None Include="res\shaders\block\vsh.shader" />
    <None Include="res\shaders\block\gsh.shader" />
    <None Include="res\shaders\block\fsh.shader" />
  </ItemGroup>
</Project>