// !$*UTF8*$!
{
	archiveVersion = 1;
	classes = {
	};
	objectVersion = 46;
	objects = {

/* Begin PBXBuildFile section */
		427DDCAE1DB27EE0007745A7 /* main.cpp in Sources */ = {isa = PBXBuildFile; fileRef = 427DDCAD1DB27EE0007745A7 /* main.cpp */; };
		427DDCB61DB27F01007745A7 /* Bisection.cpp in Sources */ = {isa = PBXBuildFile; fileRef = 427DDCB41DB27F01007745A7 /* Bisection.cpp */; };
		427DDCB91DB28DE1007745A7 /* MathFunction.cpp in Sources */ = {isa = PBXBuildFile; fileRef = 427DDCB71DB28DE1007745A7 /* MathFunction.cpp */; };
		427DDCBC1DB28E37007745A7 /* MathPolynom.cpp in Sources */ = {isa = PBXBuildFile; fileRef = 427DDCBA1DB28E37007745A7 /* MathPolynom.cpp */; };
/* End PBXBuildFile section */

/* Begin PBXCopyFilesBuildPhase section */
		427DDCA81DB27EE0007745A7 /* CopyFiles */ = {
			isa = PBXCopyFilesBuildPhase;
			buildActionMask = 2147483647;
			dstPath = /usr/share/man/man1/;
			dstSubfolderSpec = 0;
			files = (
			);
			runOnlyForDeploymentPostprocessing = 1;
		};
/* End PBXCopyFilesBuildPhase section */

/* Begin PBXFileReference section */
		427DDCAA1DB27EE0007745A7 /* BisectionBrice */ = {isa = PBXFileReference; explicitFileType = "compiled.mach-o.executable"; includeInIndex = 0; path = BisectionBrice; sourceTree = BUILT_PRODUCTS_DIR; };
		427DDCAD1DB27EE0007745A7 /* main.cpp */ = {isa = PBXFileReference; lastKnownFileType = sourcecode.cpp.cpp; path = main.cpp; sourceTree = "<group>"; };
		427DDCB41DB27F01007745A7 /* Bisection.cpp */ = {isa = PBXFileReference; fileEncoding = 4; lastKnownFileType = sourcecode.cpp.cpp; path = Bisection.cpp; sourceTree = "<group>"; };
		427DDCB51DB27F01007745A7 /* Bisection.hpp */ = {isa = PBXFileReference; fileEncoding = 4; lastKnownFileType = sourcecode.cpp.h; path = Bisection.hpp; sourceTree = "<group>"; };
		427DDCB71DB28DE1007745A7 /* MathFunction.cpp */ = {isa = PBXFileReference; fileEncoding = 4; lastKnownFileType = sourcecode.cpp.cpp; path = MathFunction.cpp; sourceTree = "<group>"; };
		427DDCB81DB28DE1007745A7 /* MathFunction.hpp */ = {isa = PBXFileReference; fileEncoding = 4; lastKnownFileType = sourcecode.cpp.h; path = MathFunction.hpp; sourceTree = "<group>"; };
		427DDCBA1DB28E37007745A7 /* MathPolynom.cpp */ = {isa = PBXFileReference; fileEncoding = 4; lastKnownFileType = sourcecode.cpp.cpp; path = MathPolynom.cpp; sourceTree = "<group>"; };
		427DDCBB1DB28E37007745A7 /* MathPolynom.hpp */ = {isa = PBXFileReference; fileEncoding = 4; lastKnownFileType = sourcecode.cpp.h; path = MathPolynom.hpp; sourceTree = "<group>"; };
/* End PBXFileReference section */

/* Begin PBXFrameworksBuildPhase section */
		427DDCA71DB27EE0007745A7 /* Frameworks */ = {
			isa = PBXFrameworksBuildPhase;
			buildActionMask = 2147483647;
			files = (
			);
			runOnlyForDeploymentPostprocessing = 0;
		};
/* End PBXFrameworksBuildPhase section */

/* Begin PBXGroup section */
		427DDCA11DB27EE0007745A7 = {
			isa = PBXGroup;
			children = (
				427DDCAC1DB27EE0007745A7 /* BisectionBrice */,
				427DDCAB1DB27EE0007745A7 /* Products */,
			);
			sourceTree = "<group>";
		};
		427DDCAB1DB27EE0007745A7 /* Products */ = {
			isa = PBXGroup;
			children = (
				427DDCAA1DB27EE0007745A7 /* BisectionBrice */,
			);
			name = Products;
			sourceTree = "<group>";
		};
		427DDCAC1DB27EE0007745A7 /* BisectionBrice */ = {
			isa = PBXGroup;
			children = (
				427DDCAD1DB27EE0007745A7 /* main.cpp */,
				427DDCB41DB27F01007745A7 /* Bisection.cpp */,
				427DDCB51DB27F01007745A7 /* Bisection.hpp */,
				427DDCB71DB28DE1007745A7 /* MathFunction.cpp */,
				427DDCB81DB28DE1007745A7 /* MathFunction.hpp */,
				427DDCBA1DB28E37007745A7 /* MathPolynom.cpp */,
				427DDCBB1DB28E37007745A7 /* MathPolynom.hpp */,
			);
			path = BisectionBrice;
			sourceTree = "<group>";
		};
/* End PBXGroup section */

/* Begin PBXNativeTarget section */
		427DDCA91DB27EE0007745A7 /* BisectionBrice */ = {
			isa = PBXNativeTarget;
			buildConfigurationList = 427DDCB11DB27EE0007745A7 /* Build configuration list for PBXNativeTarget "BisectionBrice" */;
			buildPhases = (
				427DDCA61DB27EE0007745A7 /* Sources */,
				427DDCA71DB27EE0007745A7 /* Frameworks */,
				427DDCA81DB27EE0007745A7 /* CopyFiles */,
			);
			buildRules = (
			);
			dependencies = (
			);
			name = BisectionBrice;
			productName = BisectionBrice;
			productReference = 427DDCAA1DB27EE0007745A7 /* BisectionBrice */;
			productType = "com.apple.product-type.tool";
		};
/* End PBXNativeTarget section */

/* Begin PBXProject section */
		427DDCA21DB27EE0007745A7 /* Project object */ = {
			isa = PBXProject;
			attributes = {
				LastUpgradeCheck = 0800;
				ORGANIZATIONNAME = "Brice Rosenzweig";
				TargetAttributes = {
					427DDCA91DB27EE0007745A7 = {
						CreatedOnToolsVersion = 8.0;
						DevelopmentTeam = M7QSSF3624;
						ProvisioningStyle = Automatic;
					};
				};
			};
			buildConfigurationList = 427DDCA51DB27EE0007745A7 /* Build configuration list for PBXProject "BisectionBrice" */;
			compatibilityVersion = "Xcode 3.2";
			developmentRegion = English;
			hasScannedForEncodings = 0;
			knownRegions = (
				en,
			);
			mainGroup = 427DDCA11DB27EE0007745A7;
			productRefGroup = 427DDCAB1DB27EE0007745A7 /* Products */;
			projectDirPath = "";
			projectRoot = "";
			targets = (
				427DDCA91DB27EE0007745A7 /* BisectionBrice */,
			);
		};
/* End PBXProject section */

/* Begin PBXSourcesBuildPhase section */
		427DDCA61DB27EE0007745A7 /* Sources */ = {
			isa = PBXSourcesBuildPhase;
			buildActionMask = 2147483647;
			files = (
				427DDCBC1DB28E37007745A7 /* MathPolynom.cpp in Sources */,
				427DDCB91DB28DE1007745A7 /* MathFunction.cpp in Sources */,
				427DDCB61DB27F01007745A7 /* Bisection.cpp in Sources */,
				427DDCAE1DB27EE0007745A7 /* main.cpp in Sources */,
			);
			runOnlyForDeploymentPostprocessing = 0;
		};
/* End PBXSourcesBuildPhase section */

/* Begin XCBuildConfiguration section */
		427DDCAF1DB27EE0007745A7 /* Debug */ = {
			isa = XCBuildConfiguration;
			buildSettings = {
				ALWAYS_SEARCH_USER_PATHS = NO;
				CLANG_ANALYZER_NONNULL = YES;
				CLANG_CXX_LANGUAGE_STANDARD = "gnu++0x";
				CLANG_CXX_LIBRARY = "libc++";
				CLANG_ENABLE_MODULES = YES;
				CLANG_ENABLE_OBJC_ARC = YES;
				CLANG_WARN_BOOL_CONVERSION = YES;
				CLANG_WARN_CONSTANT_CONVERSION = YES;
				CLANG_WARN_DIRECT_OBJC_ISA_USAGE = YES_ERROR;
				CLANG_WARN_DOCUMENTATION_COMMENTS = YES;
				CLANG_WARN_EMPTY_BODY = YES;
				CLANG_WARN_ENUM_CONVERSION = YES;
				CLANG_WARN_INFINITE_RECURSION = YES;
				CLANG_WARN_INT_CONVERSION = YES;
				CLANG_WARN_OBJC_ROOT_CLASS = YES_ERROR;
				CLANG_WARN_SUSPICIOUS_MOVES = YES;
				CLANG_WARN_UNREACHABLE_CODE = YES;
				CLANG_WARN__DUPLICATE_METHOD_MATCH = YES;
				CODE_SIGN_IDENTITY = "-";
				COPY_PHASE_STRIP = NO;
				DEBUG_INFORMATION_FORMAT = dwarf;
				ENABLE_STRICT_OBJC_MSGSEND = YES;
				ENABLE_TESTABILITY = YES;
				GCC_C_LANGUAGE_STANDARD = gnu99;
				GCC_DYNAMIC_NO_PIC = NO;
				GCC_NO_COMMON_BLOCKS = YES;
				GCC_OPTIMIZATION_LEVEL = 0;
				GCC_PREPROCESSOR_DEFINITIONS = (
					"DEBUG=1",
					"$(inherited)",
				);
				GCC_WARN_64_TO_32_BIT_CONVERSION = YES;
				GCC_WARN_ABOUT_RETURN_TYPE = YES_ERROR;
				GCC_WARN_UNDECLARED_SELECTOR = YES;
				GCC_WARN_UNINITIALIZED_AUTOS = YES_AGGRESSIVE;
				GCC_WARN_UNUSED_FUNCTION = YES;
				GCC_WARN_UNUSED_VARIABLE = YES;
				MACOSX_DEPLOYMENT_TARGET = 10.12;
				MTL_ENABLE_DEBUG_INFO = YES;
				ONLY_ACTIVE_ARCH = YES;
				SDKROOT = macosx;
			};
			name = Debug;
		};
		427DDCB01DB27EE0007745A7 /* Release */ = {
			isa = XCBuildConfiguration;
			buildSettings = {
				ALWAYS_SEARCH_USER_PATHS = NO;
				CLANG_ANALYZER_NONNULL = YES;
				CLANG_CXX_LANGUAGE_STANDARD = "gnu++0x";
				CLANG_CXX_LIBRARY = "libc++";
				CLANG_ENABLE_MODULES = YES;
				CLANG_ENABLE_OBJC_ARC = YES;
				CLANG_WARN_BOOL_CONVERSION = YES;
				CLANG_WARN_CONSTANT_CONVERSION = YES;
				CLANG_WARN_DIRECT_OBJC_ISA_USAGE = YES_ERROR;
				CLANG_WARN_DOCUMENTATION_COMMENTS = YES;
				CLANG_WARN_EMPTY_BODY = YES;
				CLANG_WARN_ENUM_CONVERSION = YES;
				CLANG_WARN_INFINITE_RECURSION = YES;
				CLANG_WARN_INT_CONVERSION = YES;
				CLANG_WARN_OBJC_ROOT_CLASS = YES_ERROR;
				CLANG_WARN_SUSPICIOUS_MOVES = YES;
				CLANG_WARN_UNREACHABLE_CODE = YES;
				CLANG_WARN__DUPLICATE_METHOD_MATCH = YES;
				CODE_SIGN_IDENTITY = "-";
				COPY_PHASE_STRIP = NO;
				DEBUG_INFORMATION_FORMAT = "dwarf-with-dsym";
				ENABLE_NS_ASSERTIONS = NO;
				ENABLE_STRICT_OBJC_MSGSEND = YES;
				GCC_C_LANGUAGE_STANDARD = gnu99;
				GCC_NO_COMMON_BLOCKS = YES;
				GCC_WARN_64_TO_32_BIT_CONVERSION = YES;
				GCC_WARN_ABOUT_RETURN_TYPE = YES_ERROR;
				GCC_WARN_UNDECLARED_SELECTOR = YES;
				GCC_WARN_UNINITIALIZED_AUTOS = YES_AGGRESSIVE;
				GCC_WARN_UNUSED_FUNCTION = YES;
				GCC_WARN_UNUSED_VARIABLE = YES;
				MACOSX_DEPLOYMENT_TARGET = 10.12;
				MTL_ENABLE_DEBUG_INFO = NO;
				SDKROOT = macosx;
			};
			name = Release;
		};
		427DDCB21DB27EE0007745A7 /* Debug */ = {
			isa = XCBuildConfiguration;
			buildSettings = {
				DEVELOPMENT_TEAM = M7QSSF3624;
				PRODUCT_NAME = "$(TARGET_NAME)";
			};
			name = Debug;
		};
		427DDCB31DB27EE0007745A7 /* Release */ = {
			isa = XCBuildConfiguration;
			buildSettings = {
				DEVELOPMENT_TEAM = M7QSSF3624;
				PRODUCT_NAME = "$(TARGET_NAME)";
			};
			name = Release;
		};
/* End XCBuildConfiguration section */

/* Begin XCConfigurationList section */
		427DDCA51DB27EE0007745A7 /* Build configuration list for PBXProject "BisectionBrice" */ = {
			isa = XCConfigurationList;
			buildConfigurations = (
				427DDCAF1DB27EE0007745A7 /* Debug */,
				427DDCB01DB27EE0007745A7 /* Release */,
			);
			defaultConfigurationIsVisible = 0;
			defaultConfigurationName = Release;
		};
		427DDCB11DB27EE0007745A7 /* Build configuration list for PBXNativeTarget "BisectionBrice" */ = {
			isa = XCConfigurationList;
			buildConfigurations = (
				427DDCB21DB27EE0007745A7 /* Debug */,
				427DDCB31DB27EE0007745A7 /* Release */,
			);
			defaultConfigurationIsVisible = 0;
		};
/* End XCConfigurationList section */
	};
	rootObject = 427DDCA21DB27EE0007745A7 /* Project object */;
}
