// !$*UTF8*$!
{
	archiveVersion = 1;
	classes = {
	};
	objectVersion = 46;
	objects = {

/* Begin PBXBuildFile section */
		42DCEF5C1E1184C600F66AF1 /* main.cpp in Sources */ = {isa = PBXBuildFile; fileRef = 42DCEF5B1E1184C600F66AF1 /* main.cpp */; };
		42DCEF641E11850600F66AF1 /* Vector.cpp in Sources */ = {isa = PBXBuildFile; fileRef = 42DCEF621E11850600F66AF1 /* Vector.cpp */; };
/* End PBXBuildFile section */

/* Begin PBXCopyFilesBuildPhase section */
		42DCEF561E1184C600F66AF1 /* CopyFiles */ = {
			isa = PBXCopyFilesBuildPhase;
			buildActionMask = 2147483647;
			dstPath = /usr/share/man/man1/;
			dstSubfolderSpec = 0;
			files = (
			);
			runOnlyForDeploymentPostprocessing = 1;
		};
/* End PBXCopyFilesBuildPhase section */

/* Begin PBXFileReference section */
		42DCEF581E1184C600F66AF1 /* datastructures */ = {isa = PBXFileReference; explicitFileType = "compiled.mach-o.executable"; includeInIndex = 0; path = datastructures; sourceTree = BUILT_PRODUCTS_DIR; };
		42DCEF5B1E1184C600F66AF1 /* main.cpp */ = {isa = PBXFileReference; lastKnownFileType = sourcecode.cpp.cpp; path = main.cpp; sourceTree = "<group>"; };
		42DCEF621E11850600F66AF1 /* Vector.cpp */ = {isa = PBXFileReference; fileEncoding = 4; lastKnownFileType = sourcecode.cpp.cpp; path = Vector.cpp; sourceTree = "<group>"; };
		42DCEF631E11850600F66AF1 /* Vector.hpp */ = {isa = PBXFileReference; fileEncoding = 4; lastKnownFileType = sourcecode.cpp.h; path = Vector.hpp; sourceTree = "<group>"; };
/* End PBXFileReference section */

/* Begin PBXFrameworksBuildPhase section */
		42DCEF551E1184C600F66AF1 /* Frameworks */ = {
			isa = PBXFrameworksBuildPhase;
			buildActionMask = 2147483647;
			files = (
			);
			runOnlyForDeploymentPostprocessing = 0;
		};
/* End PBXFrameworksBuildPhase section */

/* Begin PBXGroup section */
		42DCEF4F1E1184C600F66AF1 = {
			isa = PBXGroup;
			children = (
				42DCEF5A1E1184C600F66AF1 /* datastructures */,
				42DCEF591E1184C600F66AF1 /* Products */,
			);
			sourceTree = "<group>";
		};
		42DCEF591E1184C600F66AF1 /* Products */ = {
			isa = PBXGroup;
			children = (
				42DCEF581E1184C600F66AF1 /* datastructures */,
			);
			name = Products;
			sourceTree = "<group>";
		};
		42DCEF5A1E1184C600F66AF1 /* datastructures */ = {
			isa = PBXGroup;
			children = (
				42DCEF5B1E1184C600F66AF1 /* main.cpp */,
				42DCEF621E11850600F66AF1 /* Vector.cpp */,
				42DCEF631E11850600F66AF1 /* Vector.hpp */,
			);
			path = datastructures;
			sourceTree = "<group>";
		};
/* End PBXGroup section */

/* Begin PBXNativeTarget section */
		42DCEF571E1184C600F66AF1 /* datastructures */ = {
			isa = PBXNativeTarget;
			buildConfigurationList = 42DCEF5F1E1184C600F66AF1 /* Build configuration list for PBXNativeTarget "datastructures" */;
			buildPhases = (
				42DCEF541E1184C600F66AF1 /* Sources */,
				42DCEF551E1184C600F66AF1 /* Frameworks */,
				42DCEF561E1184C600F66AF1 /* CopyFiles */,
			);
			buildRules = (
			);
			dependencies = (
			);
			name = datastructures;
			productName = datastructures;
			productReference = 42DCEF581E1184C600F66AF1 /* datastructures */;
			productType = "com.apple.product-type.tool";
		};
/* End PBXNativeTarget section */

/* Begin PBXProject section */
		42DCEF501E1184C600F66AF1 /* Project object */ = {
			isa = PBXProject;
			attributes = {
				LastUpgradeCheck = 0820;
				ORGANIZATIONNAME = "Brice Rosenzweig";
				TargetAttributes = {
					42DCEF571E1184C600F66AF1 = {
						CreatedOnToolsVersion = 8.2.1;
						DevelopmentTeam = M7QSSF3624;
						ProvisioningStyle = Automatic;
					};
				};
			};
			buildConfigurationList = 42DCEF531E1184C600F66AF1 /* Build configuration list for PBXProject "datastructures" */;
			compatibilityVersion = "Xcode 3.2";
			developmentRegion = English;
			hasScannedForEncodings = 0;
			knownRegions = (
				en,
			);
			mainGroup = 42DCEF4F1E1184C600F66AF1;
			productRefGroup = 42DCEF591E1184C600F66AF1 /* Products */;
			projectDirPath = "";
			projectRoot = "";
			targets = (
				42DCEF571E1184C600F66AF1 /* datastructures */,
			);
		};
/* End PBXProject section */

/* Begin PBXSourcesBuildPhase section */
		42DCEF541E1184C600F66AF1 /* Sources */ = {
			isa = PBXSourcesBuildPhase;
			buildActionMask = 2147483647;
			files = (
				42DCEF641E11850600F66AF1 /* Vector.cpp in Sources */,
				42DCEF5C1E1184C600F66AF1 /* main.cpp in Sources */,
			);
			runOnlyForDeploymentPostprocessing = 0;
		};
/* End PBXSourcesBuildPhase section */

/* Begin XCBuildConfiguration section */
		42DCEF5D1E1184C600F66AF1 /* Debug */ = {
			isa = XCBuildConfiguration;
			buildSettings = {
				ALWAYS_SEARCH_USER_PATHS = NO;
				CLANG_ANALYZER_NONNULL = YES;
				CLANG_CXX_LANGUAGE_STANDARD = "gnu++0x";
				CLANG_CXX_LIBRARY = "libc++";
				CLANG_ENABLE_MODULES = YES;
				CLANG_ENABLE_OBJC_ARC = YES;
				CLANG_WARN_BOOL_CONVERSION = YES;
				CLANG_WARN_CONSTANT_CONVERSION = YES;
				CLANG_WARN_DIRECT_OBJC_ISA_USAGE = YES_ERROR;
				CLANG_WARN_DOCUMENTATION_COMMENTS = YES;
				CLANG_WARN_EMPTY_BODY = YES;
				CLANG_WARN_ENUM_CONVERSION = YES;
				CLANG_WARN_INFINITE_RECURSION = YES;
				CLANG_WARN_INT_CONVERSION = YES;
				CLANG_WARN_OBJC_ROOT_CLASS = YES_ERROR;
				CLANG_WARN_SUSPICIOUS_MOVE = YES;
				CLANG_WARN_UNREACHABLE_CODE = YES;
				CLANG_WARN__DUPLICATE_METHOD_MATCH = YES;
				CODE_SIGN_IDENTITY = "-";
				COPY_PHASE_STRIP = NO;
				DEBUG_INFORMATION_FORMAT = dwarf;
				ENABLE_STRICT_OBJC_MSGSEND = YES;
				ENABLE_TESTABILITY = YES;
				GCC_C_LANGUAGE_STANDARD = gnu99;
				GCC_DYNAMIC_NO_PIC = NO;
				GCC_NO_COMMON_BLOCKS = YES;
				GCC_OPTIMIZATION_LEVEL = 0;
				GCC_PREPROCESSOR_DEFINITIONS = (
					"DEBUG=1",
					"$(inherited)",
				);
				GCC_WARN_64_TO_32_BIT_CONVERSION = YES;
				GCC_WARN_ABOUT_RETURN_TYPE = YES_ERROR;
				GCC_WARN_UNDECLARED_SELECTOR = YES;
				GCC_WARN_UNINITIALIZED_AUTOS = YES_AGGRESSIVE;
				GCC_WARN_UNUSED_FUNCTION = YES;
				GCC_WARN_UNUSED_VARIABLE = YES;
				MACOSX_DEPLOYMENT_TARGET = 10.12;
				MTL_ENABLE_DEBUG_INFO = YES;
				ONLY_ACTIVE_ARCH = YES;
				SDKROOT = macosx;
			};
			name = Debug;
		};
		42DCEF5E1E1184C600F66AF1 /* Release */ = {
			isa = XCBuildConfiguration;
			buildSettings = {
				ALWAYS_SEARCH_USER_PATHS = NO;
				CLANG_ANALYZER_NONNULL = YES;
				CLANG_CXX_LANGUAGE_STANDARD = "gnu++0x";
				CLANG_CXX_LIBRARY = "libc++";
				CLANG_ENABLE_MODULES = YES;
				CLANG_ENABLE_OBJC_ARC = YES;
				CLANG_WARN_BOOL_CONVERSION = YES;
				CLANG_WARN_CONSTANT_CONVERSION = YES;
				CLANG_WARN_DIRECT_OBJC_ISA_USAGE = YES_ERROR;
				CLANG_WARN_DOCUMENTATION_COMMENTS = YES;
				CLANG_WARN_EMPTY_BODY = YES;
				CLANG_WARN_ENUM_CONVERSION = YES;
				CLANG_WARN_INFINITE_RECURSION = YES;
				CLANG_WARN_INT_CONVERSION = YES;
				CLANG_WARN_OBJC_ROOT_CLASS = YES_ERROR;
				CLANG_WARN_SUSPICIOUS_MOVE = YES;
				CLANG_WARN_UNREACHABLE_CODE = YES;
				CLANG_WARN__DUPLICATE_METHOD_MATCH = YES;
				CODE_SIGN_IDENTITY = "-";
				COPY_PHASE_STRIP = NO;
				DEBUG_INFORMATION_FORMAT = "dwarf-with-dsym";
				ENABLE_NS_ASSERTIONS = NO;
				ENABLE_STRICT_OBJC_MSGSEND = YES;
				GCC_C_LANGUAGE_STANDARD = gnu99;
				GCC_NO_COMMON_BLOCKS = YES;
				GCC_WARN_64_TO_32_BIT_CONVERSION = YES;
				GCC_WARN_ABOUT_RETURN_TYPE = YES_ERROR;
				GCC_WARN_UNDECLARED_SELECTOR = YES;
				GCC_WARN_UNINITIALIZED_AUTOS = YES_AGGRESSIVE;
				GCC_WARN_UNUSED_FUNCTION = YES;
				GCC_WARN_UNUSED_VARIABLE = YES;
				MACOSX_DEPLOYMENT_TARGET = 10.12;
				MTL_ENABLE_DEBUG_INFO = NO;
				SDKROOT = macosx;
			};
			name = Release;
		};
		42DCEF601E1184C600F66AF1 /* Debug */ = {
			isa = XCBuildConfiguration;
			buildSettings = {
				DEVELOPMENT_TEAM = M7QSSF3624;
				PRODUCT_NAME = "$(TARGET_NAME)";
			};
			name = Debug;
		};
		42DCEF611E1184C600F66AF1 /* Release */ = {
			isa = XCBuildConfiguration;
			buildSettings = {
				DEVELOPMENT_TEAM = M7QSSF3624;
				PRODUCT_NAME = "$(TARGET_NAME)";
			};
			name = Release;
		};
/* End XCBuildConfiguration section */

/* Begin XCConfigurationList section */
		42DCEF531E1184C600F66AF1 /* Build configuration list for PBXProject "datastructures" */ = {
			isa = XCConfigurationList;
			buildConfigurations = (
				42DCEF5D1E1184C600F66AF1 /* Debug */,
				42DCEF5E1E1184C600F66AF1 /* Release */,
			);
			defaultConfigurationIsVisible = 0;
			defaultConfigurationName = Release;
		};
		42DCEF5F1E1184C600F66AF1 /* Build configuration list for PBXNativeTarget "datastructures" */ = {
			isa = XCConfigurationList;
			buildConfigurations = (
				42DCEF601E1184C600F66AF1 /* Debug */,
				42DCEF611E1184C600F66AF1 /* Release */,
			);
			defaultConfigurationIsVisible = 0;
		};
/* End XCConfigurationList section */
	};
	rootObject = 42DCEF501E1184C600F66AF1 /* Project object */;
}
