
Microsoft Visual Studio Solution File, Format Version 12.00
# Visual Studio 15
VisualStudioVersion = 15.0.27130.2010
MinimumVisualStudioVersion = 10.0.40219.1
Project("{8BC9CEB8-8B4A-11D0-8D11-00A0C91BC942}") = "string", "string\string.vcxproj", "{B2964F3C-A267-485E-A369-99B15AAD58EA}"
EndProject
Global
	GlobalSection(SolutionConfigurationPlatforms) = preSolution
		Debug|x64 = Debug|x64
		Debug|x86 = Debug|x86
		Release|x64 = Release|x64
		Release|x86 = Release|x86
	EndGlobalSection
	GlobalSection(ProjectConfigurationPlatforms) = postSolution
		{B2964F3C-A267-485E-A369-99B15AAD58EA}.Debug|x64.ActiveCfg = Debug|x64
		{B2964F3C-A267-485E-A369-99B15AAD58EA}.Debug|x64.Build.0 = Debug|x64
		{B2964F3C-A267-485E-A369-99B15AAD58EA}.Debug|x86.ActiveCfg = Debug|Win32
		{B2964F3C-A267-485E-A369-99B15AAD58EA}.Debug|x86.Build.0 = Debug|Win32
		{B2964F3C-A267-485E-A369-99B15AAD58EA}.Release|x64.ActiveCfg = Release|x64
		{B2964F3C-A267-485E-A369-99B15AAD58EA}.Release|x64.Build.0 = Release|x64
		{B2964F3C-A267-485E-A369-99B15AAD58EA}.Release|x86.ActiveCfg = Release|Win32
		{B2964F3C-A267-485E-A369-99B15AAD58EA}.Release|x86.Build.0 = Release|Win32
	EndGlobalSection
	GlobalSection(SolutionProperties) = preSolution
		HideSolutionNode = FALSE
	EndGlobalSection
	GlobalSection(ExtensibilityGlobals) = postSolution
		SolutionGuid = {F457C97E-9962-4FF3-A019-B81C378D8DD6}
	EndGlobalSection
EndGlobal
